// !$*UTF8*$!
{
	archiveVersion = 1;
	classes = {
	};
	objectVersion = 46;
	objects = {

/* Begin PBXBuildFile section */
		6322ACA51C278A2500CD59B9 /* main.m in Sources */ = {isa = PBXBuildFile; fileRef = 6322ACA41C278A2500CD59B9 /* main.m */; };
		6322ACA81C278A2500CD59B9 /* AppDelegate.m in Sources */ = {isa = PBXBuildFile; fileRef = 6322ACA71C278A2500CD59B9 /* AppDelegate.m */; };
		6322ACAB1C278A2500CD59B9 /* ViewController.m in Sources */ = {isa = PBXBuildFile; fileRef = 6322ACAA1C278A2500CD59B9 /* ViewController.m */; };
		6322ACAE1C278A2500CD59B9 /* Main.storyboard in Resources */ = {isa = PBXBuildFile; fileRef = 6322ACAC1C278A2500CD59B9 /* Main.storyboard */; };
		6322ACB01C278A2500CD59B9 /* Images.xcassets in Resources */ = {isa = PBXBuildFile; fileRef = 6322ACAF1C278A2500CD59B9 /* Images.xcassets */; };
		6322ACB31C278A2500CD59B9 /* LaunchScreen.xib in Resources */ = {isa = PBXBuildFile; fileRef = 6322ACB11C278A2500CD59B9 /* LaunchScreen.xib */; };
		6322ACBF1C278A2500CD59B9 /* _1____CoreLocation___________iOS8_0__Tests.m in Sources */ = {isa = PBXBuildFile; fileRef = 6322ACBE1C278A2500CD59B9 /* _1____CoreLocation___________iOS8_0__Tests.m */; };
/* End PBXBuildFile section */

/* Begin PBXContainerItemProxy section */
		6322ACB91C278A2500CD59B9 /* PBXContainerItemProxy */ = {
			isa = PBXContainerItemProxy;
			containerPortal = 6322AC971C278A2500CD59B9 /* Project object */;
			proxyType = 1;
			remoteGlobalIDString = 6322AC9E1C278A2500CD59B9;
			remoteInfo = "01-掌握-CoreLocation框架的基本使用—定位（iOS8.0-）";
		};
/* End PBXContainerItemProxy section */

/* Begin PBXFileReference section */
		6322AC9F1C278A2500CD59B9 /* 01-掌握-CoreLocation框架的基本使用—定位（iOS8.0-）.app */ = {isa = PBXFileReference; explicitFileType = wrapper.application; includeInIndex = 0; path = "01-掌握-CoreLocation框架的基本使用—定位（iOS8.0-）.app"; sourceTree = BUILT_PRODUCTS_DIR; };
		6322ACA31C278A2500CD59B9 /* Info.plist */ = {isa = PBXFileReference; lastKnownFileType = text.plist.xml; path = Info.plist; sourceTree = "<group>"; };
		6322ACA41C278A2500CD59B9 /* main.m */ = {isa = PBXFileReference; lastKnownFileType = sourcecode.c.objc; path = main.m; sourceTree = "<group>"; };
		6322ACA61C278A2500CD59B9 /* AppDelegate.h */ = {isa = PBXFileReference; lastKnownFileType = sourcecode.c.h; path = AppDelegate.h; sourceTree = "<group>"; };
		6322ACA71C278A2500CD59B9 /* AppDelegate.m */ = {isa = PBXFileReference; lastKnownFileType = sourcecode.c.objc; path = AppDelegate.m; sourceTree = "<group>"; };
		6322ACA91C278A2500CD59B9 /* ViewController.h */ = {isa = PBXFileReference; lastKnownFileType = sourcecode.c.h; path = ViewController.h; sourceTree = "<group>"; };
		6322ACAA1C278A2500CD59B9 /* ViewController.m */ = {isa = PBXFileReference; lastKnownFileType = sourcecode.c.objc; path = ViewController.m; sourceTree = "<group>"; };
		6322ACAD1C278A2500CD59B9 /* Base */ = {isa = PBXFileReference; lastKnownFileType = file.storyboard; name = Base; path = Base.lproj/Main.storyboard; sourceTree = "<group>"; };
		6322ACAF1C278A2500CD59B9 /* Images.xcassets */ = {isa = PBXFileReference; lastKnownFileType = folder.assetcatalog; path = Images.xcassets; sourceTree = "<group>"; };
		6322ACB21C278A2500CD59B9 /* Base */ = {isa = PBXFileReference; lastKnownFileType = file.xib; name = Base; path = Base.lproj/LaunchScreen.xib; sourceTree = "<group>"; };
		6322ACB81C278A2500CD59B9 /* 01-掌握-CoreLocation框架的基本使用—定位（iOS8.0-）Tests.xctest */ = {isa = PBXFileReference; explicitFileType = wrapper.cfbundle; includeInIndex = 0; path = "01-掌握-CoreLocation框架的基本使用—定位（iOS8.0-）Tests.xctest"; sourceTree = BUILT_PRODUCTS_DIR; };
		6322ACBD1C278A2500CD59B9 /* Info.plist */ = {isa = PBXFileReference; lastKnownFileType = text.plist.xml; path = Info.plist; sourceTree = "<group>"; };
		6322ACBE1C278A2500CD59B9 /* _1____CoreLocation___________iOS8_0__Tests.m */ = {isa = PBXFileReference; lastKnownFileType = sourcecode.c.objc; path = "_1____CoreLocation___________iOS8_0__Tests.m"; sourceTree = "<group>"; };
/* End PBXFileReference section */

/* Begin PBXFrameworksBuildPhase section */
		6322AC9C1C278A2500CD59B9 /* Frameworks */ = {
			isa = PBXFrameworksBuildPhase;
			buildActionMask = 2147483647;
			files = (
			);
			runOnlyForDeploymentPostprocessing = 0;
		};
		6322ACB51C278A2500CD59B9 /* Frameworks */ = {
			isa = PBXFrameworksBuildPhase;
			buildActionMask = 2147483647;
			files = (
			);
			runOnlyForDeploymentPostprocessing = 0;
		};
/* End PBXFrameworksBuildPhase section */

/* Begin PBXGroup section */
		6322AC961C278A2500CD59B9 = {
			isa = PBXGroup;
			children = (
				6322ACA11C278A2500CD59B9 /* 01-掌握-CoreLocation框架的基本使用—定位（iOS8.0-） */,
				6322ACBB1C278A2500CD59B9 /* 01-掌握-CoreLocation框架的基本使用—定位（iOS8.0-）Tests */,
				6322ACA01C278A2500CD59B9 /* Products */,
			);
			sourceTree = "<group>";
		};
		6322ACA01C278A2500CD59B9 /* Products */ = {
			isa = PBXGroup;
			children = (
				6322AC9F1C278A2500CD59B9 /* 01-掌握-CoreLocation框架的基本使用—定位（iOS8.0-）.app */,
				6322ACB81C278A2500CD59B9 /* 01-掌握-CoreLocation框架的基本使用—定位（iOS8.0-）Tests.xctest */,
			);
			name = Products;
			sourceTree = "<group>";
		};
		6322ACA11C278A2500CD59B9 /* 01-掌握-CoreLocation框架的基本使用—定位（iOS8.0-） */ = {
			isa = PBXGroup;
			children = (
				6322ACA61C278A2500CD59B9 /* AppDelegate.h */,
				6322ACA71C278A2500CD59B9 /* AppDelegate.m */,
				6322ACA91C278A2500CD59B9 /* ViewController.h */,
				6322ACAA1C278A2500CD59B9 /* ViewController.m */,
				6322ACAC1C278A2500CD59B9 /* Main.storyboard */,
				6322ACAF1C278A2500CD59B9 /* Images.xcassets */,
				6322ACB11C278A2500CD59B9 /* LaunchScreen.xib */,
				6322ACA21C278A2500CD59B9 /* Supporting Files */,
			);
			path = "01-掌握-CoreLocation框架的基本使用—定位（iOS8.0-）";
			sourceTree = "<group>";
		};
		6322ACA21C278A2500CD59B9 /* Supporting Files */ = {
			isa = PBXGroup;
			children = (
				6322ACA31C278A2500CD59B9 /* Info.plist */,
				6322ACA41C278A2500CD59B9 /* main.m */,
			);
			name = "Supporting Files";
			sourceTree = "<group>";
		};
		6322ACBB1C278A2500CD59B9 /* 01-掌握-CoreLocation框架的基本使用—定位（iOS8.0-）Tests */ = {
			isa = PBXGroup;
			children = (
				6322ACBE1C278A2500CD59B9 /* _1____CoreLocation___________iOS8_0__Tests.m */,
				6322ACBC1C278A2500CD59B9 /* Supporting Files */,
			);
			path = "01-掌握-CoreLocation框架的基本使用—定位（iOS8.0-）Tests";
			sourceTree = "<group>";
		};
		6322ACBC1C278A2500CD59B9 /* Supporting Files */ = {
			isa = PBXGroup;
			children = (
				6322ACBD1C278A2500CD59B9 /* Info.plist */,
			);
			name = "Supporting Files";
			sourceTree = "<group>";
		};
/* End PBXGroup section */

/* Begin PBXNativeTarget section */
		6322AC9E1C278A2500CD59B9 /* 01-掌握-CoreLocation框架的基本使用—定位（iOS8.0-） */ = {
			isa = PBXNativeTarget;
			buildConfigurationList = 6322ACC21C278A2500CD59B9 /* Build configuration list for PBXNativeTarget "01-掌握-CoreLocation框架的基本使用—定位（iOS8.0-）" */;
			buildPhases = (
				6322AC9B1C278A2500CD59B9 /* Sources */,
				6322AC9C1C278A2500CD59B9 /* Frameworks */,
				6322AC9D1C278A2500CD59B9 /* Resources */,
			);
			buildRules = (
			);
			dependencies = (
			);
			name = "01-掌握-CoreLocation框架的基本使用—定位（iOS8.0-）";
			productName = "01-掌握-CoreLocation框架的基本使用—定位（iOS8.0-）";
			productReference = 6322AC9F1C278A2500CD59B9 /* 01-掌握-CoreLocation框架的基本使用—定位（iOS8.0-）.app */;
			productType = "com.apple.product-type.application";
		};
		6322ACB71C278A2500CD59B9 /* 01-掌握-CoreLocation框架的基本使用—定位（iOS8.0-）Tests */ = {
			isa = PBXNativeTarget;
			buildConfigurationList = 6322ACC51C278A2500CD59B9 /* Build configuration list for PBXNativeTarget "01-掌握-CoreLocation框架的基本使用—定位（iOS8.0-）Tests" */;
			buildPhases = (
				6322ACB41C278A2500CD59B9 /* Sources */,
				6322ACB51C278A2500CD59B9 /* Frameworks */,
				6322ACB61C278A2500CD59B9 /* Resources */,
			);
			buildRules = (
			);
			dependencies = (
				6322ACBA1C278A2500CD59B9 /* PBXTargetDependency */,
			);
			name = "01-掌握-CoreLocation框架的基本使用—定位（iOS8.0-）Tests";
			productName = "01-掌握-CoreLocation框架的基本使用—定位（iOS8.0-）Tests";
			productReference = 6322ACB81C278A2500CD59B9 /* 01-掌握-CoreLocation框架的基本使用—定位（iOS8.0-）Tests.xctest */;
			productType = "com.apple.product-type.bundle.unit-test";
		};
/* End PBXNativeTarget section */

/* Begin PBXProject section */
		6322AC971C278A2500CD59B9 /* Project object */ = {
			isa = PBXProject;
			attributes = {
				LastUpgradeCheck = 0640;
				ORGANIZATIONNAME = "小码哥";
				TargetAttributes = {
					6322AC9E1C278A2500CD59B9 = {
						CreatedOnToolsVersion = 6.4;
						SystemCapabilities = {
							com.apple.BackgroundModes = {
								enabled = 1;
							};
						};
					};
					6322ACB71C278A2500CD59B9 = {
						CreatedOnToolsVersion = 6.4;
						TestTargetID = 6322AC9E1C278A2500CD59B9;
					};
				};
			};
			buildConfigurationList = 6322AC9A1C278A2500CD59B9 /* Build configuration list for PBXProject "01-掌握-CoreLocation框架的基本使用—定位（iOS8.0-）" */;
			compatibilityVersion = "Xcode 3.2";
			developmentRegion = English;
			hasScannedForEncodings = 0;
			knownRegions = (
				en,
				Base,
			);
			mainGroup = 6322AC961C278A2500CD59B9;
			productRefGroup = 6322ACA01C278A2500CD59B9 /* Products */;
			projectDirPath = "";
			projectRoot = "";
			targets = (
				6322AC9E1C278A2500CD59B9 /* 01-掌握-CoreLocation框架的基本使用—定位（iOS8.0-） */,
				6322ACB71C278A2500CD59B9 /* 01-掌握-CoreLocation框架的基本使用—定位（iOS8.0-）Tests */,
			);
		};
/* End PBXProject section */

/* Begin PBXResourcesBuildPhase section */
		6322AC9D1C278A2500CD59B9 /* Resources */ = {
			isa = PBXResourcesBuildPhase;
			buildActionMask = 2147483647;
			files = (
				6322ACAE1C278A2500CD59B9 /* Main.storyboard in Resources */,
				6322ACB31C278A2500CD59B9 /* LaunchScreen.xib in Resources */,
				6322ACB01C278A2500CD59B9 /* Images.xcassets in Resources */,
			);
			runOnlyForDeploymentPostprocessing = 0;
		};
		6322ACB61C278A2500CD59B9 /* Resources */ = {
			isa = PBXResourcesBuildPhase;
			buildActionMask = 2147483647;
			files = (
			);
			runOnlyForDeploymentPostprocessing = 0;
		};
/* End PBXResourcesBuildPhase section */

/* Begin PBXSourcesBuildPhase section */
		6322AC9B1C278A2500CD59B9 /* Sources */ = {
			isa = PBXSourcesBuildPhase;
			buildActionMask = 2147483647;
			files = (
				6322ACAB1C278A2500CD59B9 /* ViewController.m in Sources */,
				6322ACA81C278A2500CD59B9 /* AppDelegate.m in Sources */,
				6322ACA51C278A2500CD59B9 /* main.m in Sources */,
			);
			runOnlyForDeploymentPostprocessing = 0;
		};
		6322ACB41C278A2500CD59B9 /* Sources */ = {
			isa = PBXSourcesBuildPhase;
			buildActionMask = 2147483647;
			files = (
				6322ACBF1C278A2500CD59B9 /* _1____CoreLocation___________iOS8_0__Tests.m in Sources */,
			);
			runOnlyForDeploymentPostprocessing = 0;
		};
/* End PBXSourcesBuildPhase section */

/* Begin PBXTargetDependency section */
		6322ACBA1C278A2500CD59B9 /* PBXTargetDependency */ = {
			isa = PBXTargetDependency;
			target = 6322AC9E1C278A2500CD59B9 /* 01-掌握-CoreLocation框架的基本使用—定位（iOS8.0-） */;
			targetProxy = 6322ACB91C278A2500CD59B9 /* PBXContainerItemProxy */;
		};
/* End PBXTargetDependency section */

/* Begin PBXVariantGroup section */
		6322ACAC1C278A2500CD59B9 /* Main.storyboard */ = {
			isa = PBXVariantGroup;
			children = (
				6322ACAD1C278A2500CD59B9 /* Base */,
			);
			name = Main.storyboard;
			sourceTree = "<group>";
		};
		6322ACB11C278A2500CD59B9 /* LaunchScreen.xib */ = {
			isa = PBXVariantGroup;
			children = (
				6322ACB21C278A2500CD59B9 /* Base */,
			);
			name = LaunchScreen.xib;
			sourceTree = "<group>";
		};
/* End PBXVariantGroup section */

/* Begin XCBuildConfiguration section */
		6322ACC01C278A2500CD59B9 /* Debug */ = {
			isa = XCBuildConfiguration;
			buildSettings = {
				ALWAYS_SEARCH_USER_PATHS = NO;
				CLANG_CXX_LANGUAGE_STANDARD = "gnu++0x";
				CLANG_CXX_LIBRARY = "libc++";
				CLANG_ENABLE_MODULES = YES;
				CLANG_ENABLE_OBJC_ARC = YES;
				CLANG_WARN_BOOL_CONVERSION = YES;
				CLANG_WARN_CONSTANT_CONVERSION = YES;
				CLANG_WARN_DIRECT_OBJC_ISA_USAGE = YES_ERROR;
				CLANG_WARN_EMPTY_BODY = YES;
				CLANG_WARN_ENUM_CONVERSION = YES;
				CLANG_WARN_INT_CONVERSION = YES;
				CLANG_WARN_OBJC_ROOT_CLASS = YES_ERROR;
				CLANG_WARN_UNREACHABLE_CODE = YES;
				CLANG_WARN__DUPLICATE_METHOD_MATCH = YES;
				"CODE_SIGN_IDENTITY[sdk=iphoneos*]" = "iPhone Developer";
				COPY_PHASE_STRIP = NO;
				DEBUG_INFORMATION_FORMAT = "dwarf-with-dsym";
				ENABLE_STRICT_OBJC_MSGSEND = YES;
				GCC_C_LANGUAGE_STANDARD = gnu99;
				GCC_DYNAMIC_NO_PIC = NO;
				GCC_NO_COMMON_BLOCKS = YES;
				GCC_OPTIMIZATION_LEVEL = 0;
				GCC_PREPROCESSOR_DEFINITIONS = (
					"DEBUG=1",
					"$(inherited)",
				);
				GCC_SYMBOLS_PRIVATE_EXTERN = NO;
				GCC_WARN_64_TO_32_BIT_CONVERSION = YES;
				GCC_WARN_ABOUT_RETURN_TYPE = YES_ERROR;
				GCC_WARN_UNDECLARED_SELECTOR = YES;
				GCC_WARN_UNINITIALIZED_AUTOS = YES_AGGRESSIVE;
				GCC_WARN_UNUSED_FUNCTION = YES;
				GCC_WARN_UNUSED_VARIABLE = YES;
				IPHONEOS_DEPLOYMENT_TARGET = 7.0;
				MTL_ENABLE_DEBUG_INFO = YES;
				ONLY_ACTIVE_ARCH = YES;
				SDKROOT = iphoneos;
				TARGETED_DEVICE_FAMILY = "1,2";
			};
			name = Debug;
		};
		6322ACC11C278A2500CD59B9 /* Release */ = {
			isa = XCBuildConfiguration;
			buildSettings = {
				ALWAYS_SEARCH_USER_PATHS = NO;
				CLANG_CXX_LANGUAGE_STANDARD = "gnu++0x";
				CLANG_CXX_LIBRARY = "libc++";
				CLANG_ENABLE_MODULES = YES;
				CLANG_ENABLE_OBJC_ARC = YES;
				CLANG_WARN_BOOL_CONVERSION = YES;
				CLANG_WARN_CONSTANT_CONVERSION = YES;
				CLANG_WARN_DIRECT_OBJC_ISA_USAGE = YES_ERROR;
				CLANG_WARN_EMPTY_BODY = YES;
				CLANG_WARN_ENUM_CONVERSION = YES;
				CLANG_WARN_INT_CONVERSION = YES;
				CLANG_WARN_OBJC_ROOT_CLASS = YES_ERROR;
				CLANG_WARN_UNREACHABLE_CODE = YES;
				CLANG_WARN__DUPLICATE_METHOD_MATCH = YES;
				"CODE_SIGN_IDENTITY[sdk=iphoneos*]" = "iPhone Developer";
				COPY_PHASE_STRIP = NO;
				DEBUG_INFORMATION_FORMAT = "dwarf-with-dsym";
				ENABLE_NS_ASSERTIONS = NO;
				ENABLE_STRICT_OBJC_MSGSEND = YES;
				GCC_C_LANGUAGE_STANDARD = gnu99;
				GCC_NO_COMMON_BLOCKS = YES;
				GCC_WARN_64_TO_32_BIT_CONVERSION = YES;
				GCC_WARN_ABOUT_RETURN_TYPE = YES_ERROR;
				GCC_WARN_UNDECLARED_SELECTOR = YES;
				GCC_WARN_UNINITIALIZED_AUTOS = YES_AGGRESSIVE;
				GCC_WARN_UNUSED_FUNCTION = YES;
				GCC_WARN_UNUSED_VARIABLE = YES;
				IPHONEOS_DEPLOYMENT_TARGET = 7.0;
				MTL_ENABLE_DEBUG_INFO = NO;
				SDKROOT = iphoneos;
				TARGETED_DEVICE_FAMILY = "1,2";
				VALIDATE_PRODUCT = YES;
			};
			name = Release;
		};
		6322ACC31C278A2500CD59B9 /* Debug */ = {
			isa = XCBuildConfiguration;
			buildSettings = {
				ASSETCATALOG_COMPILER_APPICON_NAME = AppIcon;
				ASSETCATALOG_COMPILER_LAUNCHIMAGE_NAME = LaunchImage;
				INFOPLIST_FILE = "01-掌握-CoreLocation框架的基本使用—定位（iOS8.0-）/Info.plist";
				LD_RUNPATH_SEARCH_PATHS = "$(inherited) @executable_path/Frameworks";
				PRODUCT_NAME = "$(TARGET_NAME)";
			};
			name = Debug;
		};
		6322ACC41C278A2500CD59B9 /* Release */ = {
			isa = XCBuildConfiguration;
			buildSettings = {
				ASSETCATALOG_COMPILER_APPICON_NAME = AppIcon;
				ASSETCATALOG_COMPILER_LAUNCHIMAGE_NAME = LaunchImage;
				INFOPLIST_FILE = "01-掌握-CoreLocation框架的基本使用—定位（iOS8.0-）/Info.plist";
				LD_RUNPATH_SEARCH_PATHS = "$(inherited) @executable_path/Frameworks";
				PRODUCT_NAME = "$(TARGET_NAME)";
			};
			name = Release;
		};
		6322ACC61C278A2500CD59B9 /* Debug */ = {
			isa = XCBuildConfiguration;
			buildSettings = {
				BUNDLE_LOADER = "$(TEST_HOST)";
				FRAMEWORK_SEARCH_PATHS = (
					"$(SDKROOT)/Developer/Library/Frameworks",
					"$(inherited)",
				);
				GCC_PREPROCESSOR_DEFINITIONS = (
					"DEBUG=1",
					"$(inherited)",
				);
				INFOPLIST_FILE = "01-掌握-CoreLocation框架的基本使用—定位（iOS8.0-）Tests/Info.plist";
				LD_RUNPATH_SEARCH_PATHS = "$(inherited) @executable_path/Frameworks @loader_path/Frameworks";
				PRODUCT_NAME = "$(TARGET_NAME)";
				TEST_HOST = "$(BUILT_PRODUCTS_DIR)/01-掌握-CoreLocation框架的基本使用—定位（iOS8.0-）.app/01-掌握-CoreLocation框架的基本使用—定位（iOS8.0-）";
			};
			name = Debug;
		};
		6322ACC71C278A2500CD59B9 /* Release */ = {
			isa = XCBuildConfiguration;
			buildSettings = {
				BUNDLE_LOADER = "$(TEST_HOST)";
				FRAMEWORK_SEARCH_PATHS = (
					"$(SDKROOT)/Developer/Library/Frameworks",
					"$(inherited)",
				);
				INFOPLIST_FILE = "01-掌握-CoreLocation框架的基本使用—定位（iOS8.0-）Tests/Info.plist";
				LD_RUNPATH_SEARCH_PATHS = "$(inherited) @executable_path/Frameworks @loader_path/Frameworks";
				PRODUCT_NAME = "$(TARGET_NAME)";
				TEST_HOST = "$(BUILT_PRODUCTS_DIR)/01-掌握-CoreLocation框架的基本使用—定位（iOS8.0-）.app/01-掌握-CoreLocation框架的基本使用—定位（iOS8.0-）";
			};
			name = Release;
		};
/* End XCBuildConfiguration section */

/* Begin XCConfigurationList section */
		6322AC9A1C278A2500CD59B9 /* Build configuration list for PBXProject "01-掌握-CoreLocation框架的基本使用—定位（iOS8.0-）" */ = {
			isa = XCConfigurationList;
			buildConfigurations = (
				6322ACC01C278A2500CD59B9 /* Debug */,
				6322ACC11C278A2500CD59B9 /* Release */,
			);
			defaultConfigurationIsVisible = 0;
			defaultConfigurationName = Release;
		};
		6322ACC21C278A2500CD59B9 /* Build configuration list for PBXNativeTarget "01-掌握-CoreLocation框架的基本使用—定位（iOS8.0-）" */ = {
			isa = XCConfigurationList;
			buildConfigurations = (
				6322ACC31C278A2500CD59B9 /* Debug */,
				6322ACC41C278A2500CD59B9 /* Release */,
			);
			defaultConfigurationIsVisible = 0;
		};
		6322ACC51C278A2500CD59B9 /* Build configuration list for PBXNativeTarget "01-掌握-CoreLocation框架的基本使用—定位（iOS8.0-）Tests" */ = {
			isa = XCConfigurationList;
			buildConfigurations = (
				6322ACC61C278A2500CD59B9 /* Debug */,
				6322ACC71C278A2500CD59B9 /* Release */,
			);
			defaultConfigurationIsVisible = 0;
		};
/* End XCConfigurationList section */
	};
	rootObject = 6322AC971C278A2500CD59B9 /* Project object */;
}
