// !$*UTF8*$!
{
	archiveVersion = 1;
	classes = {
	};
	objectVersion = 46;
	objects = {

/* Begin PBXBuildFile section */
		7BA2B0E71C12E9E300E7C4BC /* AppDelegate.swift in Sources */ = {isa = PBXBuildFile; fileRef = 7BA2B0E61C12E9E300E7C4BC /* AppDelegate.swift */; };
		7BA2B0E91C12E9E300E7C4BC /* ViewController.swift in Sources */ = {isa = PBXBuildFile; fileRef = 7BA2B0E81C12E9E300E7C4BC /* ViewController.swift */; };
		7BA2B0EC1C12E9E300E7C4BC /* Main.storyboard in Resources */ = {isa = PBXBuildFile; fileRef = 7BA2B0EA1C12E9E300E7C4BC /* Main.storyboard */; };
		7BA2B0EE1C12E9E300E7C4BC /* Assets.xcassets in Resources */ = {isa = PBXBuildFile; fileRef = 7BA2B0ED1C12E9E300E7C4BC /* Assets.xcassets */; };
		7BA2B0F11C12E9E300E7C4BC /* LaunchScreen.storyboard in Resources */ = {isa = PBXBuildFile; fileRef = 7BA2B0EF1C12E9E300E7C4BC /* LaunchScreen.storyboard */; };
/* End PBXBuildFile section */

/* Begin PBXFileReference section */
		7BA2B0E31C12E9E300E7C4BC /* 05-了解 - 指南针效果实现.app */ = {isa = PBXFileReference; explicitFileType = wrapper.application; includeInIndex = 0; path = "05-了解 - 指南针效果实现.app"; sourceTree = BUILT_PRODUCTS_DIR; };
		7BA2B0E61C12E9E300E7C4BC /* AppDelegate.swift */ = {isa = PBXFileReference; lastKnownFileType = sourcecode.swift; path = AppDelegate.swift; sourceTree = "<group>"; };
		7BA2B0E81C12E9E300E7C4BC /* ViewController.swift */ = {isa = PBXFileReference; lastKnownFileType = sourcecode.swift; path = ViewController.swift; sourceTree = "<group>"; };
		7BA2B0EB1C12E9E300E7C4BC /* Base */ = {isa = PBXFileReference; lastKnownFileType = file.storyboard; name = Base; path = Base.lproj/Main.storyboard; sourceTree = "<group>"; };
		7BA2B0ED1C12E9E300E7C4BC /* Assets.xcassets */ = {isa = PBXFileReference; lastKnownFileType = folder.assetcatalog; path = Assets.xcassets; sourceTree = "<group>"; };
		7BA2B0F01C12E9E300E7C4BC /* Base */ = {isa = PBXFileReference; lastKnownFileType = file.storyboard; name = Base; path = Base.lproj/LaunchScreen.storyboard; sourceTree = "<group>"; };
		7BA2B0F21C12E9E300E7C4BC /* Info.plist */ = {isa = PBXFileReference; lastKnownFileType = text.plist.xml; path = Info.plist; sourceTree = "<group>"; };
/* End PBXFileReference section */

/* Begin PBXFrameworksBuildPhase section */
		7BA2B0E01C12E9E300E7C4BC /* Frameworks */ = {
			isa = PBXFrameworksBuildPhase;
			buildActionMask = 2147483647;
			files = (
			);
			runOnlyForDeploymentPostprocessing = 0;
		};
/* End PBXFrameworksBuildPhase section */

/* Begin PBXGroup section */
		7BA2B0DA1C12E9E300E7C4BC = {
			isa = PBXGroup;
			children = (
				7BA2B0E51C12E9E300E7C4BC /* 05-了解 - 指南针效果实现 */,
				7BA2B0E41C12E9E300E7C4BC /* Products */,
			);
			sourceTree = "<group>";
		};
		7BA2B0E41C12E9E300E7C4BC /* Products */ = {
			isa = PBXGroup;
			children = (
				7BA2B0E31C12E9E300E7C4BC /* 05-了解 - 指南针效果实现.app */,
			);
			name = Products;
			sourceTree = "<group>";
		};
		7BA2B0E51C12E9E300E7C4BC /* 05-了解 - 指南针效果实现 */ = {
			isa = PBXGroup;
			children = (
				7BA2B0E61C12E9E300E7C4BC /* AppDelegate.swift */,
				7BA2B0E81C12E9E300E7C4BC /* ViewController.swift */,
				7BA2B0EA1C12E9E300E7C4BC /* Main.storyboard */,
				7BA2B0ED1C12E9E300E7C4BC /* Assets.xcassets */,
				7BA2B0EF1C12E9E300E7C4BC /* LaunchScreen.storyboard */,
				7BA2B0F21C12E9E300E7C4BC /* Info.plist */,
			);
			path = "05-了解 - 指南针效果实现";
			sourceTree = "<group>";
		};
/* End PBXGroup section */

/* Begin PBXNativeTarget section */
		7BA2B0E21C12E9E300E7C4BC /* 05-了解 - 指南针效果实现 */ = {
			isa = PBXNativeTarget;
			buildConfigurationList = 7BA2B0F51C12E9E300E7C4BC /* Build configuration list for PBXNativeTarget "05-了解 - 指南针效果实现" */;
			buildPhases = (
				7BA2B0DF1C12E9E300E7C4BC /* Sources */,
				7BA2B0E01C12E9E300E7C4BC /* Frameworks */,
				7BA2B0E11C12E9E300E7C4BC /* Resources */,
			);
			buildRules = (
			);
			dependencies = (
			);
			name = "05-了解 - 指南针效果实现";
			productName = "05-了解 - 指南针效果实现";
			productReference = 7BA2B0E31C12E9E300E7C4BC /* 05-了解 - 指南针效果实现.app */;
			productType = "com.apple.product-type.application";
		};
/* End PBXNativeTarget section */

/* Begin PBXProject section */
		7BA2B0DB1C12E9E300E7C4BC /* Project object */ = {
			isa = PBXProject;
			attributes = {
				LastSwiftUpdateCheck = 0710;
				LastUpgradeCheck = 0710;
				ORGANIZATIONNAME = "小码哥";
				TargetAttributes = {
					7BA2B0E21C12E9E300E7C4BC = {
						CreatedOnToolsVersion = 7.1;
					};
				};
			};
			buildConfigurationList = 7BA2B0DE1C12E9E300E7C4BC /* Build configuration list for PBXProject "05-了解 - 指南针效果实现" */;
			compatibilityVersion = "Xcode 3.2";
			developmentRegion = English;
			hasScannedForEncodings = 0;
			knownRegions = (
				en,
				Base,
			);
			mainGroup = 7BA2B0DA1C12E9E300E7C4BC;
			productRefGroup = 7BA2B0E41C12E9E300E7C4BC /* Products */;
			projectDirPath = "";
			projectRoot = "";
			targets = (
				7BA2B0E21C12E9E300E7C4BC /* 05-了解 - 指南针效果实现 */,
			);
		};
/* End PBXProject section */

/* Begin PBXResourcesBuildPhase section */
		7BA2B0E11C12E9E300E7C4BC /* Resources */ = {
			isa = PBXResourcesBuildPhase;
			buildActionMask = 2147483647;
			files = (
				7BA2B0F11C12E9E300E7C4BC /* LaunchScreen.storyboard in Resources */,
				7BA2B0EE1C12E9E300E7C4BC /* Assets.xcassets in Resources */,
				7BA2B0EC1C12E9E300E7C4BC /* Main.storyboard in Resources */,
			);
			runOnlyForDeploymentPostprocessing = 0;
		};
/* End PBXResourcesBuildPhase section */

/* Begin PBXSourcesBuildPhase section */
		7BA2B0DF1C12E9E300E7C4BC /* Sources */ = {
			isa = PBXSourcesBuildPhase;
			buildActionMask = 2147483647;
			files = (
				7BA2B0E91C12E9E300E7C4BC /* ViewController.swift in Sources */,
				7BA2B0E71C12E9E300E7C4BC /* AppDelegate.swift in Sources */,
			);
			runOnlyForDeploymentPostprocessing = 0;
		};
/* End PBXSourcesBuildPhase section */

/* Begin PBXVariantGroup section */
		7BA2B0EA1C12E9E300E7C4BC /* Main.storyboard */ = {
			isa = PBXVariantGroup;
			children = (
				7BA2B0EB1C12E9E300E7C4BC /* Base */,
			);
			name = Main.storyboard;
			sourceTree = "<group>";
		};
		7BA2B0EF1C12E9E300E7C4BC /* LaunchScreen.storyboard */ = {
			isa = PBXVariantGroup;
			children = (
				7BA2B0F01C12E9E300E7C4BC /* Base */,
			);
			name = LaunchScreen.storyboard;
			sourceTree = "<group>";
		};
/* End PBXVariantGroup section */

/* Begin XCBuildConfiguration section */
		7BA2B0F31C12E9E300E7C4BC /* Debug */ = {
			isa = XCBuildConfiguration;
			buildSettings = {
				ALWAYS_SEARCH_USER_PATHS = NO;
				CLANG_CXX_LANGUAGE_STANDARD = "gnu++0x";
				CLANG_CXX_LIBRARY = "libc++";
				CLANG_ENABLE_MODULES = YES;
				CLANG_ENABLE_OBJC_ARC = YES;
				CLANG_WARN_BOOL_CONVERSION = YES;
				CLANG_WARN_CONSTANT_CONVERSION = YES;
				CLANG_WARN_DIRECT_OBJC_ISA_USAGE = YES_ERROR;
				CLANG_WARN_EMPTY_BODY = YES;
				CLANG_WARN_ENUM_CONVERSION = YES;
				CLANG_WARN_INT_CONVERSION = YES;
				CLANG_WARN_OBJC_ROOT_CLASS = YES_ERROR;
				CLANG_WARN_UNREACHABLE_CODE = YES;
				CLANG_WARN__DUPLICATE_METHOD_MATCH = YES;
				"CODE_SIGN_IDENTITY[sdk=iphoneos*]" = "iPhone Developer";
				COPY_PHASE_STRIP = NO;
				DEBUG_INFORMATION_FORMAT = dwarf;
				ENABLE_STRICT_OBJC_MSGSEND = YES;
				ENABLE_TESTABILITY = YES;
				GCC_C_LANGUAGE_STANDARD = gnu99;
				GCC_DYNAMIC_NO_PIC = NO;
				GCC_NO_COMMON_BLOCKS = YES;
				GCC_OPTIMIZATION_LEVEL = 0;
				GCC_PREPROCESSOR_DEFINITIONS = (
					"DEBUG=1",
					"$(inherited)",
				);
				GCC_WARN_64_TO_32_BIT_CONVERSION = YES;
				GCC_WARN_ABOUT_RETURN_TYPE = YES_ERROR;
				GCC_WARN_UNDECLARED_SELECTOR = YES;
				GCC_WARN_UNINITIALIZED_AUTOS = YES_AGGRESSIVE;
				GCC_WARN_UNUSED_FUNCTION = YES;
				GCC_WARN_UNUSED_VARIABLE = YES;
				IPHONEOS_DEPLOYMENT_TARGET = 9.1;
				MTL_ENABLE_DEBUG_INFO = YES;
				ONLY_ACTIVE_ARCH = YES;
				SDKROOT = iphoneos;
				SWIFT_OPTIMIZATION_LEVEL = "-Onone";
			};
			name = Debug;
		};
		7BA2B0F41C12E9E300E7C4BC /* Release */ = {
			isa = XCBuildConfiguration;
			buildSettings = {
				ALWAYS_SEARCH_USER_PATHS = NO;
				CLANG_CXX_LANGUAGE_STANDARD = "gnu++0x";
				CLANG_CXX_LIBRARY = "libc++";
				CLANG_ENABLE_MODULES = YES;
				CLANG_ENABLE_OBJC_ARC = YES;
				CLANG_WARN_BOOL_CONVERSION = YES;
				CLANG_WARN_CONSTANT_CONVERSION = YES;
				CLANG_WARN_DIRECT_OBJC_ISA_USAGE = YES_ERROR;
				CLANG_WARN_EMPTY_BODY = YES;
				CLANG_WARN_ENUM_CONVERSION = YES;
				CLANG_WARN_INT_CONVERSION = YES;
				CLANG_WARN_OBJC_ROOT_CLASS = YES_ERROR;
				CLANG_WARN_UNREACHABLE_CODE = YES;
				CLANG_WARN__DUPLICATE_METHOD_MATCH = YES;
				"CODE_SIGN_IDENTITY[sdk=iphoneos*]" = "iPhone Developer";
				COPY_PHASE_STRIP = NO;
				DEBUG_INFORMATION_FORMAT = "dwarf-with-dsym";
				ENABLE_NS_ASSERTIONS = NO;
				ENABLE_STRICT_OBJC_MSGSEND = YES;
				GCC_C_LANGUAGE_STANDARD = gnu99;
				GCC_NO_COMMON_BLOCKS = YES;
				GCC_WARN_64_TO_32_BIT_CONVERSION = YES;
				GCC_WARN_ABOUT_RETURN_TYPE = YES_ERROR;
				GCC_WARN_UNDECLARED_SELECTOR = YES;
				GCC_WARN_UNINITIALIZED_AUTOS = YES_AGGRESSIVE;
				GCC_WARN_UNUSED_FUNCTION = YES;
				GCC_WARN_UNUSED_VARIABLE = YES;
				IPHONEOS_DEPLOYMENT_TARGET = 9.1;
				MTL_ENABLE_DEBUG_INFO = NO;
				SDKROOT = iphoneos;
				VALIDATE_PRODUCT = YES;
			};
			name = Release;
		};
		7BA2B0F61C12E9E300E7C4BC /* Debug */ = {
			isa = XCBuildConfiguration;
			buildSettings = {
				ASSETCATALOG_COMPILER_APPICON_NAME = AppIcon;
				CODE_SIGN_IDENTITY = "iPhone Developer";
				INFOPLIST_FILE = "05-了解 - 指南针效果实现/Info.plist";
				LD_RUNPATH_SEARCH_PATHS = "$(inherited) @executable_path/Frameworks";
				PRODUCT_BUNDLE_IDENTIFIER = "com.520it.-5-------------";
				PRODUCT_NAME = "$(TARGET_NAME)";
			};
			name = Debug;
		};
		7BA2B0F71C12E9E300E7C4BC /* Release */ = {
			isa = XCBuildConfiguration;
			buildSettings = {
				ASSETCATALOG_COMPILER_APPICON_NAME = AppIcon;
				CODE_SIGN_IDENTITY = "iPhone Developer";
				INFOPLIST_FILE = "05-了解 - 指南针效果实现/Info.plist";
				LD_RUNPATH_SEARCH_PATHS = "$(inherited) @executable_path/Frameworks";
				PRODUCT_BUNDLE_IDENTIFIER = "com.520it.-5-------------";
				PRODUCT_NAME = "$(TARGET_NAME)";
			};
			name = Release;
		};
/* End XCBuildConfiguration section */

/* Begin XCConfigurationList section */
		7BA2B0DE1C12E9E300E7C4BC /* Build configuration list for PBXProject "05-了解 - 指南针效果实现" */ = {
			isa = XCConfigurationList;
			buildConfigurations = (
				7BA2B0F31C12E9E300E7C4BC /* Debug */,
				7BA2B0F41C12E9E300E7C4BC /* Release */,
			);
			defaultConfigurationIsVisible = 0;
			defaultConfigurationName = Release;
		};
		7BA2B0F51C12E9E300E7C4BC /* Build configuration list for PBXNativeTarget "05-了解 - 指南针效果实现" */ = {
			isa = XCConfigurationList;
			buildConfigurations = (
				7BA2B0F61C12E9E300E7C4BC /* Debug */,
				7BA2B0F71C12E9E300E7C4BC /* Release */,
			);
			defaultConfigurationIsVisible = 0;
		};
/* End XCConfigurationList section */
	};
	rootObject = 7BA2B0DB1C12E9E300E7C4BC /* Project object */;
}
